
Microsoft Visual Studio Solution File, Format Version 12.00
# Visual Studio 2012
Project("{FAE04EC0-301F-11D3-BF4B-00C04F79EFBC}") = "WebserviceiOS", "WebserviceiOS\WebserviceiOS.csproj", "{D7C281C0-5E0D-47E2-B53C-F3DCC18AA920}"
EndProject
Global
	GlobalSection(SolutionConfigurationPlatforms) = preSolution
		Debug|iPhoneSimulator = Debug|iPhoneSimulator
		Release|iPhone = Release|iPhone
		Release|iPhoneSimulator = Release|iPhoneSimulator
		Debug|iPhone = Debug|iPhone
	EndGlobalSection
	GlobalSection(ProjectConfigurationPlatforms) = postSolution
		{D7C281C0-5E0D-47E2-B53C-F3DCC18AA920}.Debug|iPhoneSimulator.ActiveCfg = Debug|iPhoneSimulator
		{D7C281C0-5E0D-47E2-B53C-F3DCC18AA920}.Debug|iPhoneSimulator.Build.0 = Debug|iPhoneSimulator
		{D7C281C0-5E0D-47E2-B53C-F3DCC18AA920}.Release|iPhone.ActiveCfg = Release|iPhone
		{D7C281C0-5E0D-47E2-B53C-F3DCC18AA920}.Release|iPhone.Build.0 = Release|iPhone
		{D7C281C0-5E0D-47E2-B53C-F3DCC18AA920}.Release|iPhoneSimulator.ActiveCfg = Release|iPhoneSimulator
		{D7C281C0-5E0D-47E2-B53C-F3DCC18AA920}.Release|iPhoneSimulator.Build.0 = Release|iPhoneSimulator
		{D7C281C0-5E0D-47E2-B53C-F3DCC18AA920}.Debug|iPhone.ActiveCfg = Debug|iPhone
		{D7C281C0-5E0D-47E2-B53C-F3DCC18AA920}.Debug|iPhone.Build.0 = Debug|iPhone
	EndGlobalSection
EndGlobal
